
Microsoft Visual Studio Solution File, Format Version 12.00
# Visual Studio Version 17
VisualStudioVersion = 17.0.31903.59
MinimumVisualStudioVersion = 10.0.40219.1
Project("{FAE04EC0-301F-11D3-BF4B-00C04F79EFBC}") = "FlightWatch.Domain", "src\FlightWatch.Domain\FlightWatch.Domain.csproj", "{481D0896-6502-4A55-A9EC-516D3A6F9469}"
EndProject
Project("{FAE04EC0-301F-11D3-BF4B-00C04F79EFBC}") = "FlightWatch.Application", "src\FlightWatch.Application\FlightWatch.Application.csproj", "{25C99D7F-F8F0-49D8-A126-4071E2045303}"
EndProject
Project("{FAE04EC0-301F-11D3-BF4B-00C04F79EFBC}") = "FlightWatch.Infrastructure", "src\FlightWatch.Infrastructure\FlightWatch.Infrastructure.csproj", "{472E699C-AE4E-4D77-A21A-21C79321C8C8}"
EndProject
Project("{FAE04EC0-301F-11D3-BF4B-00C04F79EFBC}") = "FlightWatch.Api", "src\FlightWatch.Api\FlightWatch.Api.csproj", "{E73EA5DA-0156-47B3-B432-AD31CF1A9941}"
EndProject
Global
	GlobalSection(SolutionConfigurationPlatforms) = preSolution
		Debug|Any CPU = Debug|Any CPU
		Debug|x64 = Debug|x64
		Debug|x86 = Debug|x86
		Release|Any CPU = Release|Any CPU
		Release|x64 = Release|x64
		Release|x86 = Release|x86
	EndGlobalSection
	GlobalSection(ProjectConfigurationPlatforms) = postSolution
		{481D0896-6502-4A55-A9EC-516D3A6F9469}.Debug|Any CPU.ActiveCfg = Debug|Any CPU
		{481D0896-6502-4A55-A9EC-516D3A6F9469}.Debug|Any CPU.Build.0 = Debug|Any CPU
		{481D0896-6502-4A55-A9EC-516D3A6F9469}.Debug|x64.ActiveCfg = Debug|Any CPU
		{481D0896-6502-4A55-A9EC-516D3A6F9469}.Debug|x64.Build.0 = Debug|Any CPU
		{481D0896-6502-4A55-A9EC-516D3A6F9469}.Debug|x86.ActiveCfg = Debug|Any CPU
		{481D0896-6502-4A55-A9EC-516D3A6F9469}.Debug|x86.Build.0 = Debug|Any CPU
		{481D0896-6502-4A55-A9EC-516D3A6F9469}.Release|Any CPU.ActiveCfg = Release|Any CPU
		{481D0896-6502-4A55-A9EC-516D3A6F9469}.Release|Any CPU.Build.0 = Release|Any CPU
		{481D0896-6502-4A55-A9EC-516D3A6F9469}.Release|x64.ActiveCfg = Release|Any CPU
		{481D0896-6502-4A55-A9EC-516D3A6F9469}.Release|x64.Build.0 = Release|Any CPU
		{481D0896-6502-4A55-A9EC-516D3A6F9469}.Release|x86.ActiveCfg = Release|Any CPU
		{481D0896-6502-4A55-A9EC-516D3A6F9469}.Release|x86.Build.0 = Release|Any CPU
		{25C99D7F-F8F0-49D8-A126-4071E2045303}.Debug|Any CPU.ActiveCfg = Debug|Any CPU
		{25C99D7F-F8F0-49D8-A126-4071E2045303}.Debug|Any CPU.Build.0 = Debug|Any CPU
		{25C99D7F-F8F0-49D8-A126-4071E2045303}.Debug|x64.ActiveCfg = Debug|Any CPU
		{25C99D7F-F8F0-49D8-A126-4071E2045303}.Debug|x64.Build.0 = Debug|Any CPU
		{25C99D7F-F8F0-49D8-A126-4071E2045303}.Debug|x86.ActiveCfg = Debug|Any CPU
		{25C99D7F-F8F0-49D8-A126-4071E2045303}.Debug|x86.Build.0 = Debug|Any CPU
		{25C99D7F-F8F0-49D8-A126-4071E2045303}.Release|Any CPU.ActiveCfg = Release|Any CPU
		{25C99D7F-F8F0-49D8-A126-4071E2045303}.Release|Any CPU.Build.0 = Release|Any CPU
		{25C99D7F-F8F0-49D8-A126-4071E2045303}.Release|x64.ActiveCfg = Release|Any CPU
		{25C99D7F-F8F0-49D8-A126-4071E2045303}.Release|x64.Build.0 = Release|Any CPU
		{25C99D7F-F8F0-49D8-A126-4071E2045303}.Release|x86.ActiveCfg = Release|Any CPU
		{25C99D7F-F8F0-49D8-A126-4071E2045303}.Release|x86.Build.0 = Release|Any CPU
		{472E699C-AE4E-4D77-A21A-21C79321C8C8}.Debug|Any CPU.ActiveCfg = Debug|Any CPU
		{472E699C-AE4E-4D77-A21A-21C79321C8C8}.Debug|Any CPU.Build.0 = Debug|Any CPU
		{472E699C-AE4E-4D77-A21A-21C79321C8C8}.Debug|x64.ActiveCfg = Debug|Any CPU
		{472E699C-AE4E-4D77-A21A-21C79321C8C8}.Debug|x64.Build.0 = Debug|Any CPU
		{472E699C-AE4E-4D77-A21A-21C79321C8C8}.Debug|x86.ActiveCfg = Debug|Any CPU
		{472E699C-AE4E-4D77-A21A-21C79321C8C8}.Debug|x86.Build.0 = Debug|Any CPU
		{472E699C-AE4E-4D77-A21A-21C79321C8C8}.Release|Any CPU.ActiveCfg = Release|Any CPU
		{472E699C-AE4E-4D77-A21A-21C79321C8C8}.Release|Any CPU.Build.0 = Release|Any CPU
		{472E699C-AE4E-4D77-A21A-21C79321C8C8}.Release|x64.ActiveCfg = Release|Any CPU
		{472E699C-AE4E-4D77-A21A-21C79321C8C8}.Release|x64.Build.0 = Release|Any CPU
		{472E699C-AE4E-4D77-A21A-21C79321C8C8}.Release|x86.ActiveCfg = Release|Any CPU
		{472E699C-AE4E-4D77-A21A-21C79321C8C8}.Release|x86.Build.0 = Release|Any CPU
		{E73EA5DA-0156-47B3-B432-AD31CF1A9941}.Debug|Any CPU.ActiveCfg = Debug|Any CPU
		{E73EA5DA-0156-47B3-B432-AD31CF1A9941}.Debug|Any CPU.Build.0 = Debug|Any CPU
		{E73EA5DA-0156-47B3-B432-AD31CF1A9941}.Debug|x64.ActiveCfg = Debug|Any CPU
		{E73EA5DA-0156-47B3-B432-AD31CF1A9941}.Debug|x64.Build.0 = Debug|Any CPU
		{E73EA5DA-0156-47B3-B432-AD31CF1A9941}.Debug|x86.ActiveCfg = Debug|Any CPU
		{E73EA5DA-0156-47B3-B432-AD31CF1A9941}.Debug|x86.Build.0 = Debug|Any CPU
		{E73EA5DA-0156-47B3-B432-AD31CF1A9941}.Release|Any CPU.ActiveCfg = Release|Any CPU
		{E73EA5DA-0156-47B3-B432-AD31CF1A9941}.Release|Any CPU.Build.0 = Release|Any CPU
		{E73EA5DA-0156-47B3-B432-AD31CF1A9941}.Release|x64.ActiveCfg = Release|Any CPU
		{E73EA5DA-0156-47B3-B432-AD31CF1A9941}.Release|x64.Build.0 = Release|Any CPU
		{E73EA5DA-0156-47B3-B432-AD31CF1A9941}.Release|x86.ActiveCfg = Release|Any CPU
		{E73EA5DA-0156-47B3-B432-AD31CF1A9941}.Release|x86.Build.0 = Release|Any CPU
	EndGlobalSection
	GlobalSection(SolutionProperties) = preSolution
		HideSolutionNode = FALSE
	EndGlobalSection
EndGlobal
